
Microsoft Visual Studio Solution File, Format Version 12.00
# Visual Studio Version 16
VisualStudioVersion = 16.0.30523.141
MinimumVisualStudioVersion = 10.0.40219.1
Project("{FAE04EC0-301F-11D3-BF4B-00C04F79EFBC}") = "covidPatient", "covidPatient\covidPatient.csproj", "{FAEA9FDD-4CDD-447A-AD86-48400AFC7A7F}"
EndProject
Global
	GlobalSection(SolutionConfigurationPlatforms) = preSolution
		Debug|Any CPU = Debug|Any CPU
		Release|Any CPU = Release|Any CPU
	EndGlobalSection
	GlobalSection(ProjectConfigurationPlatforms) = postSolution
		{FAEA9FDD-4CDD-447A-AD86-48400AFC7A7F}.Debug|Any CPU.ActiveCfg = Debug|Any CPU
		{FAEA9FDD-4CDD-447A-AD86-48400AFC7A7F}.Debug|Any CPU.Build.0 = Debug|Any CPU
		{FAEA9FDD-4CDD-447A-AD86-48400AFC7A7F}.Release|Any CPU.ActiveCfg = Release|Any CPU
		{FAEA9FDD-4CDD-447A-AD86-48400AFC7A7F}.Release|Any CPU.Build.0 = Release|Any CPU
	EndGlobalSection
	GlobalSection(SolutionProperties) = preSolution
		HideSolutionNode = FALSE
	EndGlobalSection
	GlobalSection(ExtensibilityGlobals) = postSolution
		SolutionGuid = {D5308271-EE23-41C7-9E73-A6E0ACDE3A7B}
	EndGlobalSection
EndGlobal
