
Microsoft Visual Studio Solution File, Format Version 12.00
# Visual Studio Version 16
VisualStudioVersion = 16.0.30523.141
MinimumVisualStudioVersion = 10.0.40219.1
Project("{FAE04EC0-301F-11D3-BF4B-00C04F79EFBC}") = "Covid 19 WinForm", "Covid 19 WinForm.csproj", "{8F466D68-5D06-47FF-B02E-AB6FC3637F8B}"
EndProject
Global
	GlobalSection(SolutionConfigurationPlatforms) = preSolution
		Debug|Any CPU = Debug|Any CPU
		Release|Any CPU = Release|Any CPU
	EndGlobalSection
	GlobalSection(ProjectConfigurationPlatforms) = postSolution
		{8F466D68-5D06-47FF-B02E-AB6FC3637F8B}.Debug|Any CPU.ActiveCfg = Debug|Any CPU
		{8F466D68-5D06-47FF-B02E-AB6FC3637F8B}.Debug|Any CPU.Build.0 = Debug|Any CPU
		{8F466D68-5D06-47FF-B02E-AB6FC3637F8B}.Release|Any CPU.ActiveCfg = Release|Any CPU
		{8F466D68-5D06-47FF-B02E-AB6FC3637F8B}.Release|Any CPU.Build.0 = Release|Any CPU
	EndGlobalSection
	GlobalSection(SolutionProperties) = preSolution
		HideSolutionNode = FALSE
	EndGlobalSection
	GlobalSection(ExtensibilityGlobals) = postSolution
		SolutionGuid = {3B19A4FD-3075-450B-9399-59C54DA6A70C}
	EndGlobalSection
EndGlobal
